Microsoft Visual Studio Solution File, Format Version 12.00
# Visual Studio Version 17
VisualStudioVersion = 17.5.2.0
MinimumVisualStudioVersion = 10.0.40219.1
Project("{FAE04EC0-301F-11D3-BF4B-00C04F79EFBC}") = "www", "www.csproj", "{5747E1A5-439B-6F72-D692-289EC2DD31F3}"
EndProject
Global
	GlobalSection(SolutionConfigurationPlatforms) = preSolution
		Debug|Any CPU = Debug|Any CPU
		Release|Any CPU = Release|Any CPU
	EndGlobalSection
	GlobalSection(ProjectConfigurationPlatforms) = postSolution
		{5747E1A5-439B-6F72-D692-289EC2DD31F3}.Debug|Any CPU.ActiveCfg = Debug|Any CPU
		{5747E1A5-439B-6F72-D692-289EC2DD31F3}.Debug|Any CPU.Build.0 = Debug|Any CPU
		{5747E1A5-439B-6F72-D692-289EC2DD31F3}.Release|Any CPU.ActiveCfg = Release|Any CPU
		{5747E1A5-439B-6F72-D692-289EC2DD31F3}.Release|Any CPU.Build.0 = Release|Any CPU
	EndGlobalSection
	GlobalSection(SolutionProperties) = preSolution
		HideSolutionNode = FALSE
	EndGlobalSection
	GlobalSection(ExtensibilityGlobals) = postSolution
		SolutionGuid = {233B3F92-2EED-4BB3-B0DC-6AD3C33A8395}
	EndGlobalSection
EndGlobal
