Microsoft Visual Studio Solution File, Format Version 12.00
# Visual Studio Version 17
VisualStudioVersion = 17.5.2.0
MinimumVisualStudioVersion = 10.0.40219.1
Project("{FAE04EC0-301F-11D3-BF4B-00C04F79EFBC}") = "MDTools", "MDTools.csproj", "{4767143F-5B00-94E7-D450-29AED9EDAC4C}"
EndProject
Global
	GlobalSection(SolutionConfigurationPlatforms) = preSolution
		Debug|Any CPU = Debug|Any CPU
		Release|Any CPU = Release|Any CPU
	EndGlobalSection
	GlobalSection(ProjectConfigurationPlatforms) = postSolution
		{4767143F-5B00-94E7-D450-29AED9EDAC4C}.Debug|Any CPU.ActiveCfg = Debug|Any CPU
		{4767143F-5B00-94E7-D450-29AED9EDAC4C}.Debug|Any CPU.Build.0 = Debug|Any CPU
		{4767143F-5B00-94E7-D450-29AED9EDAC4C}.Release|Any CPU.ActiveCfg = Release|Any CPU
		{4767143F-5B00-94E7-D450-29AED9EDAC4C}.Release|Any CPU.Build.0 = Release|Any CPU
	EndGlobalSection
	GlobalSection(SolutionProperties) = preSolution
		HideSolutionNode = FALSE
	EndGlobalSection
	GlobalSection(ExtensibilityGlobals) = postSolution
		SolutionGuid = {4B7570E6-6192-4DA3-9FC7-BE5B617487EE}
	EndGlobalSection
EndGlobal
